
Microsoft Visual Studio Solution File, Format Version 12.00
# Visual Studio Version 17
VisualStudioVersion = 17.13.35931.197 d17.13
MinimumVisualStudioVersion = 10.0.40219.1
Project("{FAE04EC0-301F-11D3-BF4B-00C04F79EFBC}") = "Datos", "Datos\Datos.csproj", "{5618CB17-D47A-42DC-9B26-C0638F56490C}"
EndProject
Project("{FAE04EC0-301F-11D3-BF4B-00C04F79EFBC}") = "Negocio", "Negocio\Negocio.csproj", "{2E78196C-ACE8-4438-AC22-3D69FD11F6FF}"
EndProject
Project("{FAE04EC0-301F-11D3-BF4B-00C04F79EFBC}") = "Presentación", "Presentación\Presentación.csproj", "{C543FE21-6265-459A-B470-51AFBDAB338C}"
EndProject
Global
	GlobalSection(SolutionConfigurationPlatforms) = preSolution
		Debug|Any CPU = Debug|Any CPU
		Release|Any CPU = Release|Any CPU
	EndGlobalSection
	GlobalSection(ProjectConfigurationPlatforms) = postSolution
		{5618CB17-D47A-42DC-9B26-C0638F56490C}.Debug|Any CPU.ActiveCfg = Debug|Any CPU
		{5618CB17-D47A-42DC-9B26-C0638F56490C}.Debug|Any CPU.Build.0 = Debug|Any CPU
		{5618CB17-D47A-42DC-9B26-C0638F56490C}.Release|Any CPU.ActiveCfg = Release|Any CPU
		{5618CB17-D47A-42DC-9B26-C0638F56490C}.Release|Any CPU.Build.0 = Release|Any CPU
		{2E78196C-ACE8-4438-AC22-3D69FD11F6FF}.Debug|Any CPU.ActiveCfg = Debug|Any CPU
		{2E78196C-ACE8-4438-AC22-3D69FD11F6FF}.Debug|Any CPU.Build.0 = Debug|Any CPU
		{2E78196C-ACE8-4438-AC22-3D69FD11F6FF}.Release|Any CPU.ActiveCfg = Release|Any CPU
		{2E78196C-ACE8-4438-AC22-3D69FD11F6FF}.Release|Any CPU.Build.0 = Release|Any CPU
		{C543FE21-6265-459A-B470-51AFBDAB338C}.Debug|Any CPU.ActiveCfg = Debug|Any CPU
		{C543FE21-6265-459A-B470-51AFBDAB338C}.Debug|Any CPU.Build.0 = Debug|Any CPU
		{C543FE21-6265-459A-B470-51AFBDAB338C}.Release|Any CPU.ActiveCfg = Release|Any CPU
		{C543FE21-6265-459A-B470-51AFBDAB338C}.Release|Any CPU.Build.0 = Release|Any CPU
	EndGlobalSection
	GlobalSection(SolutionProperties) = preSolution
		HideSolutionNode = FALSE
	EndGlobalSection
	GlobalSection(ExtensibilityGlobals) = postSolution
		SolutionGuid = {42889368-AE39-44B8-A3DE-C0C29C485E05}
	EndGlobalSection
EndGlobal
